// !$*UTF8*$!
{
	archiveVersion = 1;
	classes = {
	};
	objectVersion = 77;
	objects = {

/* Begin PBXContainerItemProxy section */
		57EBBC7C2EE19E4100CB5DB8 /* PBXContainerItemProxy */ = {
			isa = PBXContainerItemProxy;
			containerPortal = 57EBBC662EE19E4000CB5DB8 /* Project object */;
			proxyType = 1;
			remoteGlobalIDString = 57EBBC6D2EE19E4000CB5DB8;
			remoteInfo = LearnTrack;
		};
		57EBBC862EE19E4100CB5DB8 /* PBXContainerItemProxy */ = {
			isa = PBXContainerItemProxy;
			containerPortal = 57EBBC662EE19E4000CB5DB8 /* Project object */;
			proxyType = 1;
			remoteGlobalIDString = 57EBBC6D2EE19E4000CB5DB8;
			remoteInfo = LearnTrack;
		};
/* End PBXContainerItemProxy section */

/* Begin PBXFileReference section */
		57EBBC6E2EE19E4000CB5DB8 /* LearnTrack.app */ = {isa = PBXFileReference; explicitFileType = wrapper.application; includeInIndex = 0; path = LearnTrack.app; sourceTree = BUILT_PRODUCTS_DIR; };
		57EBBC7B2EE19E4100CB5DB8 /* LearnTrackTests.xctest */ = {isa = PBXFileReference; explicitFileType = wrapper.cfbundle; includeInIndex = 0; path = LearnTrackTests.xctest; sourceTree = BUILT_PRODUCTS_DIR; };
		57EBBC852EE19E4100CB5DB8 /* LearnTrackUITests.xctest */ = {isa = PBXFileReference; explicitFileType = wrapper.cfbundle; includeInIndex = 0; path = LearnTrackUITests.xctest; sourceTree = BUILT_PRODUCTS_DIR; };
/* End PBXFileReference section */

/* Begin PBXFileSystemSynchronizedRootGroup section */
		57EBBC702EE19E4000CB5DB8 /* LearnTrack */ = {
			isa = PBXFileSystemSynchronizedRootGroup;
			path = LearnTrack;
			sourceTree = "<group>";
		};
		57EBBC7E2EE19E4100CB5DB8 /* LearnTrackTests */ = {
			isa = PBXFileSystemSynchronizedRootGroup;
			path = LearnTrackTests;
			sourceTree = "<group>";
		};
		57EBBC882EE19E4100CB5DB8 /* LearnTrackUITests */ = {
			isa = PBXFileSystemSynchronizedRootGroup;
			path = LearnTrackUITests;
			sourceTree = "<group>";
		};
/* End PBXFileSystemSynchronizedRootGroup section */

/* Begin PBXFrameworksBuildPhase section */
		57EBBC6B2EE19E4000CB5DB8 /* Frameworks */ = {
			isa = PBXFrameworksBuildPhase;
			buildActionMask = 2147483647;
			files = (
			);
			runOnlyForDeploymentPostprocessing = 0;
		};
		57EBBC782EE19E4100CB5DB8 /* Frameworks */ = {
			isa = PBXFrameworksBuildPhase;
			buildActionMask = 2147483647;
			files = (
			);
			runOnlyForDeploymentPostprocessing = 0;
		};
		57EBBC822EE19E4100CB5DB8 /* Frameworks */ = {
			isa = PBXFrameworksBuildPhase;
			buildActionMask = 2147483647;
			files = (
			);
			runOnlyForDeploymentPostprocessing = 0;
		};
/* End PBXFrameworksBuildPhase section */

/* Begin PBXGroup section */
		57EBBC652EE19E4000CB5DB8 = {
			isa = PBXGroup;
			children = (
				57EBBC702EE19E4000CB5DB8 /* LearnTrack */,
				57EBBC7E2EE19E4100CB5DB8 /* LearnTrackTests */,
				57EBBC882EE19E4100CB5DB8 /* LearnTrackUITests */,
				57EBBCFE2EE1A9E800CB5DB8 /* Frameworks */,
				57EBBC6F2EE19E4000CB5DB8 /* Products */,
			);
			sourceTree = "<group>";
		};
		57EBBC6F2EE19E4000CB5DB8 /* Products */ = {
			isa = PBXGroup;
			children = (
				57EBBC6E2EE19E4000CB5DB8 /* LearnTrack.app */,
				57EBBC7B2EE19E4100CB5DB8 /* LearnTrackTests.xctest */,
				57EBBC852EE19E4100CB5DB8 /* LearnTrackUITests.xctest */,
			);
			name = Products;
			sourceTree = "<group>";
		};
		57EBBCFE2EE1A9E800CB5DB8 /* Frameworks */ = {
			isa = PBXGroup;
			children = (
			);
			name = Frameworks;
			sourceTree = "<group>";
		};
/* End PBXGroup section */

/* Begin PBXNativeTarget section */
		57EBBC6D2EE19E4000CB5DB8 /* LearnTrack */ = {
			isa = PBXNativeTarget;
			buildConfigurationList = 57EBBC8F2EE19E4100CB5DB8 /* Build configuration list for PBXNativeTarget "LearnTrack" */;
			buildPhases = (
				57EBBC6A2EE19E4000CB5DB8 /* Sources */,
				57EBBC6B2EE19E4000CB5DB8 /* Frameworks */,
				57EBBC6C2EE19E4000CB5DB8 /* Resources */,
			);
			buildRules = (
			);
			dependencies = (
			);
			fileSystemSynchronizedGroups = (
				57EBBC702EE19E4000CB5DB8 /* LearnTrack */,
			);
			name = LearnTrack;
			packageProductDependencies = (
			);
			productName = LearnTrack;
			productReference = 57EBBC6E2EE19E4000CB5DB8 /* LearnTrack.app */;
			productType = "com.apple.product-type.application";
		};
		57EBBC7A2EE19E4100CB5DB8 /* LearnTrackTests */ = {
			isa = PBXNativeTarget;
			buildConfigurationList = 57EBBC922EE19E4100CB5DB8 /* Build configuration list for PBXNativeTarget "LearnTrackTests" */;
			buildPhases = (
				57EBBC772EE19E4100CB5DB8 /* Sources */,
				57EBBC782EE19E4100CB5DB8 /* Frameworks */,
				57EBBC792EE19E4100CB5DB8 /* Resources */,
			);
			buildRules = (
			);
			dependencies = (
				57EBBC7D2EE19E4100CB5DB8 /* PBXTargetDependency */,
			);
			fileSystemSynchronizedGroups = (
				57EBBC7E2EE19E4100CB5DB8 /* LearnTrackTests */,
			);
			name = LearnTrackTests;
			packageProductDependencies = (
			);
			productName = LearnTrackTests;
			productReference = 57EBBC7B2EE19E4100CB5DB8 /* LearnTrackTests.xctest */;
			productType = "com.apple.product-type.bundle.unit-test";
		};
		57EBBC842EE19E4100CB5DB8 /* LearnTrackUITests */ = {
			isa = PBXNativeTarget;
			buildConfigurationList = 57EBBC952EE19E4100CB5DB8 /* Build configuration list for PBXNativeTarget "LearnTrackUITests" */;
			buildPhases = (
				57EBBC812EE19E4100CB5DB8 /* Sources */,
				57EBBC822EE19E4100CB5DB8 /* Frameworks */,
				57EBBC832EE19E4100CB5DB8 /* Resources */,
			);
			buildRules = (
			);
			dependencies = (
				57EBBC872EE19E4100CB5DB8 /* PBXTargetDependency */,
			);
			fileSystemSynchronizedGroups = (
				57EBBC882EE19E4100CB5DB8 /* LearnTrackUITests */,
			);
			name = LearnTrackUITests;
			packageProductDependencies = (
			);
			productName = LearnTrackUITests;
			productReference = 57EBBC852EE19E4100CB5DB8 /* LearnTrackUITests.xctest */;
			productType = "com.apple.product-type.bundle.ui-testing";
		};
/* End PBXNativeTarget section */

/* Begin PBXProject section */
		57EBBC662EE19E4000CB5DB8 /* Project object */ = {
			isa = PBXProject;
			attributes = {
				BuildIndependentTargetsInParallel = 1;
				LastSwiftUpdateCheck = 2610;
				LastUpgradeCheck = 2610;
				TargetAttributes = {
					57EBBC6D2EE19E4000CB5DB8 = {
						CreatedOnToolsVersion = 26.1.1;
					};
					57EBBC7A2EE19E4100CB5DB8 = {
						CreatedOnToolsVersion = 26.1.1;
						TestTargetID = 57EBBC6D2EE19E4000CB5DB8;
					};
					57EBBC842EE19E4100CB5DB8 = {
						CreatedOnToolsVersion = 26.1.1;
						TestTargetID = 57EBBC6D2EE19E4000CB5DB8;
					};
				};
			};
			buildConfigurationList = 57EBBC692EE19E4000CB5DB8 /* Build configuration list for PBXProject "LearnTrack" */;
			developmentRegion = en;
			hasScannedForEncodings = 0;
			knownRegions = (
				en,
				Base,
			);
			mainGroup = 57EBBC652EE19E4000CB5DB8;
			minimizedProjectReferenceProxies = 1;
			packageReferences = (
				57EBBCFD2EE1A78200CB5DB8 /* XCRemoteSwiftPackageReference "OpenAISwift" */,
			);
			preferredProjectObjectVersion = 77;
			productRefGroup = 57EBBC6F2EE19E4000CB5DB8 /* Products */;
			projectDirPath = "";
			projectRoot = "";
			targets = (
				57EBBC6D2EE19E4000CB5DB8 /* LearnTrack */,
				57EBBC7A2EE19E4100CB5DB8 /* LearnTrackTests */,
				57EBBC842EE19E4100CB5DB8 /* LearnTrackUITests */,
			);
		};
/* End PBXProject section */

/* Begin PBXResourcesBuildPhase section */
		57EBBC6C2EE19E4000CB5DB8 /* Resources */ = {
			isa = PBXResourcesBuildPhase;
			buildActionMask = 2147483647;
			files = (
			);
			runOnlyForDeploymentPostprocessing = 0;
		};
		57EBBC792EE19E4100CB5DB8 /* Resources */ = {
			isa = PBXResourcesBuildPhase;
			buildActionMask = 2147483647;
			files = (
			);
			runOnlyForDeploymentPostprocessing = 0;
		};
		57EBBC832EE19E4100CB5DB8 /* Resources */ = {
			isa = PBXResourcesBuildPhase;
			buildActionMask = 2147483647;
			files = (
			);
			runOnlyForDeploymentPostprocessing = 0;
		};
/* End PBXResourcesBuildPhase section */

/* Begin PBXSourcesBuildPhase section */
		57EBBC6A2EE19E4000CB5DB8 /* Sources */ = {
			isa = PBXSourcesBuildPhase;
			buildActionMask = 2147483647;
			files = (
			);
			runOnlyForDeploymentPostprocessing = 0;
		};
		57EBBC772EE19E4100CB5DB8 /* Sources */ = {
			isa = PBXSourcesBuildPhase;
			buildActionMask = 2147483647;
			files = (
			);
			runOnlyForDeploymentPostprocessing = 0;
		};
		57EBBC812EE19E4100CB5DB8 /* Sources */ = {
			isa = PBXSourcesBuildPhase;
			buildActionMask = 2147483647;
			files = (
			);
			runOnlyForDeploymentPostprocessing = 0;
		};
/* End PBXSourcesBuildPhase section */

/* Begin PBXTargetDependency section */
		57EBBC7D2EE19E4100CB5DB8 /* PBXTargetDependency */ = {
			isa = PBXTargetDependency;
			target = 57EBBC6D2EE19E4000CB5DB8 /* LearnTrack */;
			targetProxy = 57EBBC7C2EE19E4100CB5DB8 /* PBXContainerItemProxy */;
		};
		57EBBC872EE19E4100CB5DB8 /* PBXTargetDependency */ = {
			isa = PBXTargetDependency;
			target = 57EBBC6D2EE19E4000CB5DB8 /* LearnTrack */;
			targetProxy = 57EBBC862EE19E4100CB5DB8 /* PBXContainerItemProxy */;
		};
/* End PBXTargetDependency section */

/* Begin XCBuildConfiguration section */
		57EBBC8D2EE19E4100CB5DB8 /* Debug */ = {
			isa = XCBuildConfiguration;
			buildSettings = {
				ALWAYS_SEARCH_USER_PATHS = NO;
				ASSETCATALOG_COMPILER_GENERATE_SWIFT_ASSET_SYMBOL_EXTENSIONS = YES;
				CLANG_ANALYZER_NONNULL = YES;
				CLANG_ANALYZER_NUMBER_OBJECT_CONVERSION = YES_AGGRESSIVE;
				CLANG_CXX_LANGUAGE_STANDARD = "gnu++20";
				CLANG_ENABLE_MODULES = YES;
				CLANG_ENABLE_OBJC_ARC = YES;
				CLANG_ENABLE_OBJC_WEAK = YES;
				CLANG_WARN_BLOCK_CAPTURE_AUTORELEASING = YES;
				CLANG_WARN_BOOL_CONVERSION = YES;
				CLANG_WARN_COMMA = YES;
				CLANG_WARN_CONSTANT_CONVERSION = YES;
				CLANG_WARN_DEPRECATED_OBJC_IMPLEMENTATIONS = YES;
				CLANG_WARN_DIRECT_OBJC_ISA_USAGE = YES_ERROR;
				CLANG_WARN_DOCUMENTATION_COMMENTS = YES;
				CLANG_WARN_EMPTY_BODY = YES;
				CLANG_WARN_ENUM_CONVERSION = YES;
				CLANG_WARN_INFINITE_RECURSION = YES;
				CLANG_WARN_INT_CONVERSION = YES;
				CLANG_WARN_NON_LITERAL_NULL_CONVERSION = YES;
				CLANG_WARN_OBJC_IMPLICIT_RETAIN_SELF = YES;
				CLANG_WARN_OBJC_LITERAL_CONVERSION = YES;
				CLANG_WARN_OBJC_ROOT_CLASS = YES_ERROR;
				CLANG_WARN_QUOTED_INCLUDE_IN_FRAMEWORK_HEADER = YES;
				CLANG_WARN_RANGE_LOOP_ANALYSIS = YES;
				CLANG_WARN_STRICT_PROTOTYPES = YES;
				CLANG_WARN_SUSPICIOUS_MOVE = YES;
				CLANG_WARN_UNGUARDED_AVAILABILITY = YES_AGGRESSIVE;
				CLANG_WARN_UNREACHABLE_CODE = YES;
				CLANG_WARN__DUPLICATE_METHOD_MATCH = YES;
				COPY_PHASE_STRIP = NO;
				DEBUG_INFORMATION_FORMAT = dwarf;
				DEVELOPMENT_TEAM = 68DZVT7A7N;
				ENABLE_STRICT_OBJC_MSGSEND = YES;
				ENABLE_TESTABILITY = YES;
				ENABLE_USER_SCRIPT_SANDBOXING = YES;
				GCC_C_LANGUAGE_STANDARD = gnu17;
				GCC_DYNAMIC_NO_PIC = NO;
				GCC_NO_COMMON_BLOCKS = YES;
				GCC_OPTIMIZATION_LEVEL = 0;
				GCC_PREPROCESSOR_DEFINITIONS = (
					"DEBUG=1",
					"$(inherited)",
				);
				GCC_WARN_64_TO_32_BIT_CONVERSION = YES;
				GCC_WARN_ABOUT_RETURN_TYPE = YES_ERROR;
				GCC_WARN_UNDECLARED_SELECTOR = YES;
				GCC_WARN_UNINITIALIZED_AUTOS = YES_AGGRESSIVE;
				GCC_WARN_UNUSED_FUNCTION = YES;
				GCC_WARN_UNUSED_VARIABLE = YES;
				IPHONEOS_DEPLOYMENT_TARGET = 26.1;
				LOCALIZATION_PREFERS_STRING_CATALOGS = YES;
				MTL_ENABLE_DEBUG_INFO = INCLUDE_SOURCE;
				MTL_FAST_MATH = YES;
				ONLY_ACTIVE_ARCH = YES;
				SDKROOT = iphoneos;
				SWIFT_ACTIVE_COMPILATION_CONDITIONS = "DEBUG $(inherited)";
				SWIFT_OPTIMIZATION_LEVEL = "-Onone";
			};
			name = Debug;
		};
		57EBBC8E2EE19E4100CB5DB8 /* Release */ = {
			isa = XCBuildConfiguration;
			buildSettings = {
				ALWAYS_SEARCH_USER_PATHS = NO;
				ASSETCATALOG_COMPILER_GENERATE_SWIFT_ASSET_SYMBOL_EXTENSIONS = YES;
				CLANG_ANALYZER_NONNULL = YES;
				CLANG_ANALYZER_NUMBER_OBJECT_CONVERSION = YES_AGGRESSIVE;
				CLANG_CXX_LANGUAGE_STANDARD = "gnu++20";
				CLANG_ENABLE_MODULES = YES;
				CLANG_ENABLE_OBJC_ARC = YES;
				CLANG_ENABLE_OBJC_WEAK = YES;
				CLANG_WARN_BLOCK_CAPTURE_AUTORELEASING = YES;
				CLANG_WARN_BOOL_CONVERSION = YES;
				CLANG_WARN_COMMA = YES;
				CLANG_WARN_CONSTANT_CONVERSION = YES;
				CLANG_WARN_DEPRECATED_OBJC_IMPLEMENTATIONS = YES;
				CLANG_WARN_DIRECT_OBJC_ISA_USAGE = YES_ERROR;
				CLANG_WARN_DOCUMENTATION_COMMENTS = YES;
				CLANG_WARN_EMPTY_BODY = YES;
				CLANG_WARN_ENUM_CONVERSION = YES;
				CLANG_WARN_INFINITE_RECURSION = YES;
				CLANG_WARN_INT_CONVERSION = YES;
				CLANG_WARN_NON_LITERAL_NULL_CONVERSION = YES;
				CLANG_WARN_OBJC_IMPLICIT_RETAIN_SELF = YES;
				CLANG_WARN_OBJC_LITERAL_CONVERSION = YES;
				CLANG_WARN_OBJC_ROOT_CLASS = YES_ERROR;
				CLANG_WARN_QUOTED_INCLUDE_IN_FRAMEWORK_HEADER = YES;
				CLANG_WARN_RANGE_LOOP_ANALYSIS = YES;
				CLANG_WARN_STRICT_PROTOTYPES = YES;
				CLANG_WARN_SUSPICIOUS_MOVE = YES;
				CLANG_WARN_UNGUARDED_AVAILABILITY = YES_AGGRESSIVE;
				CLANG_WARN_UNREACHABLE_CODE = YES;
				CLANG_WARN__DUPLICATE_METHOD_MATCH = YES;
				COPY_PHASE_STRIP = NO;
				DEBUG_INFORMATION_FORMAT = "dwarf-with-dsym";
				DEVELOPMENT_TEAM = 68DZVT7A7N;
				ENABLE_NS_ASSERTIONS = NO;
				ENABLE_STRICT_OBJC_MSGSEND = YES;
				ENABLE_USER_SCRIPT_SANDBOXING = YES;
				GCC_C_LANGUAGE_STANDARD = gnu17;
				GCC_NO_COMMON_BLOCKS = YES;
				GCC_WARN_64_TO_32_BIT_CONVERSION = YES;
				GCC_WARN_ABOUT_RETURN_TYPE = YES_ERROR;
				GCC_WARN_UNDECLARED_SELECTOR = YES;
				GCC_WARN_UNINITIALIZED_AUTOS = YES_AGGRESSIVE;
				GCC_WARN_UNUSED_FUNCTION = YES;
				GCC_WARN_UNUSED_VARIABLE = YES;
				IPHONEOS_DEPLOYMENT_TARGET = 26.1;
				LOCALIZATION_PREFERS_STRING_CATALOGS = YES;
				MTL_ENABLE_DEBUG_INFO = NO;
				MTL_FAST_MATH = YES;
				SDKROOT = iphoneos;
				SWIFT_COMPILATION_MODE = wholemodule;
				VALIDATE_PRODUCT = YES;
			};
			name = Release;
		};
		57EBBC902EE19E4100CB5DB8 /* Debug */ = {
			isa = XCBuildConfiguration;
			buildSettings = {
				ASSETCATALOG_COMPILER_APPICON_NAME = AppIcon;
				ASSETCATALOG_COMPILER_GLOBAL_ACCENT_COLOR_NAME = AccentColor;
				CODE_SIGN_STYLE = Automatic;
				CURRENT_PROJECT_VERSION = 1;
				DEVELOPMENT_TEAM = 68DZVT7A7N;
				ENABLE_PREVIEWS = YES;
				GENERATE_INFOPLIST_FILE = YES;
				INFOPLIST_KEY_UIApplicationSceneManifest_Generation = YES;
				INFOPLIST_KEY_UIApplicationSupportsIndirectInputEvents = YES;
				INFOPLIST_KEY_UILaunchScreen_Generation = YES;
				INFOPLIST_KEY_UISupportedInterfaceOrientations_iPad = "UIInterfaceOrientationPortrait UIInterfaceOrientationPortraitUpsideDown UIInterfaceOrientationLandscapeLeft UIInterfaceOrientationLandscapeRight";
				INFOPLIST_KEY_UISupportedInterfaceOrientations_iPhone = "UIInterfaceOrientationPortrait UIInterfaceOrientationLandscapeLeft UIInterfaceOrientationLandscapeRight";
				INFOPLIST_KEY_LSApplicationQueriesSchemes = (
					tel,
					telprompt,
					sms,
					mailto,
				);
				LD_RUNPATH_SEARCH_PATHS = (
					"$(inherited)",
					"@executable_path/Frameworks",
				);
				MARKETING_VERSION = 1.0;
				PRODUCT_BUNDLE_IDENTIFIER = com.AKOUM.LearnTrack;
				PRODUCT_NAME = "$(TARGET_NAME)";
				STRING_CATALOG_GENERATE_SYMBOLS = YES;
				SWIFT_APPROACHABLE_CONCURRENCY = YES;
				SWIFT_DEFAULT_ACTOR_ISOLATION = MainActor;
				SWIFT_EMIT_LOC_STRINGS = YES;
				SWIFT_UPCOMING_FEATURE_MEMBER_IMPORT_VISIBILITY = YES;
				SWIFT_VERSION = 5.0;
				TARGETED_DEVICE_FAMILY = "1,2";
			};
			name = Debug;
		};
		57EBBC912EE19E4100CB5DB8 /* Release */ = {
			isa = XCBuildConfiguration;
			buildSettings = {
				ASSETCATALOG_COMPILER_APPICON_NAME = AppIcon;
				ASSETCATALOG_COMPILER_GLOBAL_ACCENT_COLOR_NAME = AccentColor;
				CODE_SIGN_STYLE = Automatic;
				CURRENT_PROJECT_VERSION = 1;
				DEVELOPMENT_TEAM = 68DZVT7A7N;
				ENABLE_PREVIEWS = YES;
				GENERATE_INFOPLIST_FILE = YES;
				INFOPLIST_KEY_LSApplicationQueriesSchemes = (
					tel,
					telprompt,
					sms,
					mailto,
				);
				INFOPLIST_KEY_UIApplicationSceneManifest_Generation = YES;
				INFOPLIST_KEY_UIApplicationSupportsIndirectInputEvents = YES;
				INFOPLIST_KEY_UILaunchScreen_Generation = YES;
				INFOPLIST_KEY_UISupportedInterfaceOrientations_iPad = "UIInterfaceOrientationPortrait UIInterfaceOrientationPortraitUpsideDown UIInterfaceOrientationLandscapeLeft UIInterfaceOrientationLandscapeRight";
				INFOPLIST_KEY_UISupportedInterfaceOrientations_iPhone = "UIInterfaceOrientationPortrait UIInterfaceOrientationLandscapeLeft UIInterfaceOrientationLandscapeRight";
				LD_RUNPATH_SEARCH_PATHS = (
					"$(inherited)",
					"@executable_path/Frameworks",
				);
				MARKETING_VERSION = 1.0;
				PRODUCT_BUNDLE_IDENTIFIER = com.AKOUM.LearnTrack;
				PRODUCT_NAME = "$(TARGET_NAME)";
				STRING_CATALOG_GENERATE_SYMBOLS = YES;
				SWIFT_APPROACHABLE_CONCURRENCY = YES;
				SWIFT_DEFAULT_ACTOR_ISOLATION = MainActor;
				SWIFT_EMIT_LOC_STRINGS = YES;
				SWIFT_UPCOMING_FEATURE_MEMBER_IMPORT_VISIBILITY = YES;
				SWIFT_VERSION = 5.0;
				TARGETED_DEVICE_FAMILY = "1,2";
			};
			name = Release;
		};
		57EBBC932EE19E4100CB5DB8 /* Debug */ = {
			isa = XCBuildConfiguration;
			buildSettings = {
				BUNDLE_LOADER = "$(TEST_HOST)";
				CODE_SIGN_STYLE = Automatic;
				CURRENT_PROJECT_VERSION = 1;
				DEVELOPMENT_TEAM = 68DZVT7A7N;
				GENERATE_INFOPLIST_FILE = YES;
				IPHONEOS_DEPLOYMENT_TARGET = 26.1;
				MARKETING_VERSION = 1.0;
				PRODUCT_BUNDLE_IDENTIFIER = AKOUM.LearnTrackTests;
				PRODUCT_NAME = "$(TARGET_NAME)";
				STRING_CATALOG_GENERATE_SYMBOLS = NO;
				SWIFT_APPROACHABLE_CONCURRENCY = YES;
				SWIFT_EMIT_LOC_STRINGS = NO;
				SWIFT_UPCOMING_FEATURE_MEMBER_IMPORT_VISIBILITY = YES;
				SWIFT_VERSION = 5.0;
				TARGETED_DEVICE_FAMILY = "1,2";
				TEST_HOST = "$(BUILT_PRODUCTS_DIR)/LearnTrack.app/$(BUNDLE_EXECUTABLE_FOLDER_PATH)/LearnTrack";
			};
			name = Debug;
		};
		57EBBC942EE19E4100CB5DB8 /* Release */ = {
			isa = XCBuildConfiguration;
			buildSettings = {
				BUNDLE_LOADER = "$(TEST_HOST)";
				CODE_SIGN_STYLE = Automatic;
				CURRENT_PROJECT_VERSION = 1;
				DEVELOPMENT_TEAM = 68DZVT7A7N;
				GENERATE_INFOPLIST_FILE = YES;
				IPHONEOS_DEPLOYMENT_TARGET = 26.1;
				MARKETING_VERSION = 1.0;
				PRODUCT_BUNDLE_IDENTIFIER = AKOUM.LearnTrackTests;
				PRODUCT_NAME = "$(TARGET_NAME)";
				STRING_CATALOG_GENERATE_SYMBOLS = NO;
				SWIFT_APPROACHABLE_CONCURRENCY = YES;
				SWIFT_EMIT_LOC_STRINGS = NO;
				SWIFT_UPCOMING_FEATURE_MEMBER_IMPORT_VISIBILITY = YES;
				SWIFT_VERSION = 5.0;
				TARGETED_DEVICE_FAMILY = "1,2";
				TEST_HOST = "$(BUILT_PRODUCTS_DIR)/LearnTrack.app/$(BUNDLE_EXECUTABLE_FOLDER_PATH)/LearnTrack";
			};
			name = Release;
		};
		57EBBC962EE19E4100CB5DB8 /* Debug */ = {
			isa = XCBuildConfiguration;
			buildSettings = {
				CODE_SIGN_STYLE = Automatic;
				CURRENT_PROJECT_VERSION = 1;
				DEVELOPMENT_TEAM = 68DZVT7A7N;
				GENERATE_INFOPLIST_FILE = YES;
				MARKETING_VERSION = 1.0;
				PRODUCT_BUNDLE_IDENTIFIER = AKOUM.LearnTrackUITests;
				PRODUCT_NAME = "$(TARGET_NAME)";
				STRING_CATALOG_GENERATE_SYMBOLS = NO;
				SWIFT_APPROACHABLE_CONCURRENCY = YES;
				SWIFT_EMIT_LOC_STRINGS = NO;
				SWIFT_UPCOMING_FEATURE_MEMBER_IMPORT_VISIBILITY = YES;
				SWIFT_VERSION = 5.0;
				TARGETED_DEVICE_FAMILY = "1,2";
				TEST_TARGET_NAME = LearnTrack;
			};
			name = Debug;
		};
		57EBBC972EE19E4100CB5DB8 /* Release */ = {
			isa = XCBuildConfiguration;
			buildSettings = {
				CODE_SIGN_STYLE = Automatic;
				CURRENT_PROJECT_VERSION = 1;
				DEVELOPMENT_TEAM = 68DZVT7A7N;
				GENERATE_INFOPLIST_FILE = YES;
				MARKETING_VERSION = 1.0;
				PRODUCT_BUNDLE_IDENTIFIER = AKOUM.LearnTrackUITests;
				PRODUCT_NAME = "$(TARGET_NAME)";
				STRING_CATALOG_GENERATE_SYMBOLS = NO;
				SWIFT_APPROACHABLE_CONCURRENCY = YES;
				SWIFT_EMIT_LOC_STRINGS = NO;
				SWIFT_UPCOMING_FEATURE_MEMBER_IMPORT_VISIBILITY = YES;
				SWIFT_VERSION = 5.0;
				TARGETED_DEVICE_FAMILY = "1,2";
				TEST_TARGET_NAME = LearnTrack;
			};
			name = Release;
		};
/* End XCBuildConfiguration section */

/* Begin XCConfigurationList section */
		57EBBC692EE19E4000CB5DB8 /* Build configuration list for PBXProject "LearnTrack" */ = {
			isa = XCConfigurationList;
			buildConfigurations = (
				57EBBC8D2EE19E4100CB5DB8 /* Debug */,
				57EBBC8E2EE19E4100CB5DB8 /* Release */,
			);
			defaultConfigurationIsVisible = 0;
			defaultConfigurationName = Release;
		};
		57EBBC8F2EE19E4100CB5DB8 /* Build configuration list for PBXNativeTarget "LearnTrack" */ = {
			isa = XCConfigurationList;
			buildConfigurations = (
				57EBBC902EE19E4100CB5DB8 /* Debug */,
				57EBBC912EE19E4100CB5DB8 /* Release */,
			);
			defaultConfigurationIsVisible = 0;
			defaultConfigurationName = Release;
		};
		57EBBC922EE19E4100CB5DB8 /* Build configuration list for PBXNativeTarget "LearnTrackTests" */ = {
			isa = XCConfigurationList;
			buildConfigurations = (
				57EBBC932EE19E4100CB5DB8 /* Debug */,
				57EBBC942EE19E4100CB5DB8 /* Release */,
			);
			defaultConfigurationIsVisible = 0;
			defaultConfigurationName = Release;
		};
		57EBBC952EE19E4100CB5DB8 /* Build configuration list for PBXNativeTarget "LearnTrackUITests" */ = {
			isa = XCConfigurationList;
			buildConfigurations = (
				57EBBC962EE19E4100CB5DB8 /* Debug */,
				57EBBC972EE19E4100CB5DB8 /* Release */,
			);
			defaultConfigurationIsVisible = 0;
			defaultConfigurationName = Release;
		};
/* End XCConfigurationList section */

/* Begin XCRemoteSwiftPackageReference section */
		57EBBCFD2EE1A78200CB5DB8 /* XCRemoteSwiftPackageReference "OpenAISwift" */ = {
			isa = XCRemoteSwiftPackageReference;
			repositoryURL = "https://github.com/adamrushy/OpenAISwift";
			requirement = {
				kind = upToNextMajorVersion;
				minimumVersion = 1.4.1;
			};
		};
/* End XCRemoteSwiftPackageReference section */
	};
	rootObject = 57EBBC662EE19E4000CB5DB8 /* Project object */;
}
